{
  "version": 1,
  "dependencies": {
    "net10.0": {
      "Newtonsoft.Json": {
        "type": "Direct",
        "requested": "[13.0.4, )",
        "resolved": "13.0.4",
        "contentHash": "pdgNNMai3zv51W5aq268sujXUyx7SNdE2bj1wZcWjAQrKMFZV260lbqYop1d2GM67JI1huLRwxo9ZqnfF/lC6A=="
      },
      "SpanJson": {
        "type": "Direct",
        "requested": "[4.2.1, )",
        "resolved": "4.2.1",
        "contentHash": "pVkYp3EjjTo6/ZMCdm2sjMEYWSIyy2SI1KQKck0Q1N37BEvCd7p16WOCFujL28sLS0HOCTRN+1xVdZNjABfOaA=="
      }
    }
  }
}